
Microsoft Visual Studio Solution File, Format Version 12.00
# Visual Studio 15
VisualStudioVersion = 15.0.27004.2002
MinimumVisualStudioVersion = 10.0.40219.1
Project("{FAE04EC0-301F-11D3-BF4B-00C04F79EFBC}") = "GNNT.Bot.Server.UI", "GNNT.Bot.Server.UI\GNNT.Bot.Server.UI.csproj", "{363CFD47-C85E-451B-8E68-375EBA66DD57}"
EndProject
Global
	GlobalSection(SolutionConfigurationPlatforms) = preSolution
		Debug|Any CPU = Debug|Any CPU
		Release|Any CPU = Release|Any CPU
	EndGlobalSection
	GlobalSection(ProjectConfigurationPlatforms) = postSolution
		{363CFD47-C85E-451B-8E68-375EBA66DD57}.Debug|Any CPU.ActiveCfg = Debug|Any CPU
		{363CFD47-C85E-451B-8E68-375EBA66DD57}.Debug|Any CPU.Build.0 = Debug|Any CPU
		{363CFD47-C85E-451B-8E68-375EBA66DD57}.Release|Any CPU.ActiveCfg = Release|Any CPU
		{363CFD47-C85E-451B-8E68-375EBA66DD57}.Release|Any CPU.Build.0 = Release|Any CPU
	EndGlobalSection
	GlobalSection(SolutionProperties) = preSolution
		HideSolutionNode = FALSE
	EndGlobalSection
	GlobalSection(ExtensibilityGlobals) = postSolution
		SolutionGuid = {B4C2F1C5-E5FF-472D-9064-9AE513DBB524}
	EndGlobalSection
EndGlobal
