
Microsoft Visual Studio Solution File, Format Version 12.00
# Visual Studio 15
VisualStudioVersion = 15.0.26430.14
MinimumVisualStudioVersion = 10.0.40219.1
Project("{FAE04EC0-301F-11D3-BF4B-00C04F79EFBC}") = "ApiAiSDK", "ApiAiSDK\ApiAiSDK.csproj", "{162D1664-491D-41A3-B4E7-332EAAF87CCA}"
EndProject
Project("{FAE04EC0-301F-11D3-BF4B-00C04F79EFBC}") = "ApiAiSDK.Tests", "ApiAiSDK.Tests\ApiAiSDK.Tests.csproj", "{4260780A-F629-40EF-9BC8-A523B129E10C}"
EndProject
Project("{FAE04EC0-301F-11D3-BF4B-00C04F79EFBC}") = "GNNT.Bot.Server.API", "GNNT.Bot.Server.API\GNNT.Bot.Server.API.csproj", "{B7E4722F-79B1-41DA-A327-8DEEA52ECEB3}"
EndProject
Project("{FAE04EC0-301F-11D3-BF4B-00C04F79EFBC}") = "GNNT.Bot.Server.Data", "GNNT.Bot.Server.Data\GNNT.Bot.Server.Data.csproj", "{F38BB8DA-E6BA-4F3F-9EF4-2EAC5898A911}"
EndProject
Project("{FAE04EC0-301F-11D3-BF4B-00C04F79EFBC}") = "GNNT.Bot.Server.Model", "GNNT.Bot.Server.Model\GNNT.Bot.Server.Model.csproj", "{E3DF4F33-00F3-47FD-BF50-53C21BAEAF41}"
EndProject
Project("{FAE04EC0-301F-11D3-BF4B-00C04F79EFBC}") = "GNNT.Bot.Server.Logic", "GNNT.Bot.Server.Logic\GNNT.Bot.Server.Logic.csproj", "{76D2A607-918E-4D1A-8A3C-30440191BCED}"
EndProject
Project("{888888A0-9F3D-457C-B088-3A5042F75D52}") = "GNNT.Bot.Server.Python.AI", "GNNT.Bot.Server.Python.AI\GNNT.Bot.Server.Python.AI.pyproj", "{B6557BA4-F485-4458-8896-3F449B824E14}"
EndProject
Global
	GlobalSection(SolutionConfigurationPlatforms) = preSolution
		Debug|Any CPU = Debug|Any CPU
		Release|Any CPU = Release|Any CPU
	EndGlobalSection
	GlobalSection(ProjectConfigurationPlatforms) = postSolution
		{162D1664-491D-41A3-B4E7-332EAAF87CCA}.Debug|Any CPU.ActiveCfg = Debug|Any CPU
		{162D1664-491D-41A3-B4E7-332EAAF87CCA}.Debug|Any CPU.Build.0 = Debug|Any CPU
		{162D1664-491D-41A3-B4E7-332EAAF87CCA}.Release|Any CPU.ActiveCfg = Release|Any CPU
		{162D1664-491D-41A3-B4E7-332EAAF87CCA}.Release|Any CPU.Build.0 = Release|Any CPU
		{4260780A-F629-40EF-9BC8-A523B129E10C}.Debug|Any CPU.ActiveCfg = Debug|Any CPU
		{4260780A-F629-40EF-9BC8-A523B129E10C}.Debug|Any CPU.Build.0 = Debug|Any CPU
		{4260780A-F629-40EF-9BC8-A523B129E10C}.Release|Any CPU.ActiveCfg = Release|Any CPU
		{4260780A-F629-40EF-9BC8-A523B129E10C}.Release|Any CPU.Build.0 = Release|Any CPU
		{B7E4722F-79B1-41DA-A327-8DEEA52ECEB3}.Debug|Any CPU.ActiveCfg = Debug|Any CPU
		{B7E4722F-79B1-41DA-A327-8DEEA52ECEB3}.Debug|Any CPU.Build.0 = Debug|Any CPU
		{B7E4722F-79B1-41DA-A327-8DEEA52ECEB3}.Release|Any CPU.ActiveCfg = Release|Any CPU
		{B7E4722F-79B1-41DA-A327-8DEEA52ECEB3}.Release|Any CPU.Build.0 = Release|Any CPU
		{F38BB8DA-E6BA-4F3F-9EF4-2EAC5898A911}.Debug|Any CPU.ActiveCfg = Debug|Any CPU
		{F38BB8DA-E6BA-4F3F-9EF4-2EAC5898A911}.Debug|Any CPU.Build.0 = Debug|Any CPU
		{F38BB8DA-E6BA-4F3F-9EF4-2EAC5898A911}.Release|Any CPU.ActiveCfg = Release|Any CPU
		{F38BB8DA-E6BA-4F3F-9EF4-2EAC5898A911}.Release|Any CPU.Build.0 = Release|Any CPU
		{E3DF4F33-00F3-47FD-BF50-53C21BAEAF41}.Debug|Any CPU.ActiveCfg = Debug|Any CPU
		{E3DF4F33-00F3-47FD-BF50-53C21BAEAF41}.Debug|Any CPU.Build.0 = Debug|Any CPU
		{E3DF4F33-00F3-47FD-BF50-53C21BAEAF41}.Release|Any CPU.ActiveCfg = Release|Any CPU
		{E3DF4F33-00F3-47FD-BF50-53C21BAEAF41}.Release|Any CPU.Build.0 = Release|Any CPU
		{76D2A607-918E-4D1A-8A3C-30440191BCED}.Debug|Any CPU.ActiveCfg = Debug|Any CPU
		{76D2A607-918E-4D1A-8A3C-30440191BCED}.Debug|Any CPU.Build.0 = Debug|Any CPU
		{76D2A607-918E-4D1A-8A3C-30440191BCED}.Release|Any CPU.ActiveCfg = Release|Any CPU
		{76D2A607-918E-4D1A-8A3C-30440191BCED}.Release|Any CPU.Build.0 = Release|Any CPU
		{B6557BA4-F485-4458-8896-3F449B824E14}.Debug|Any CPU.ActiveCfg = Debug|Any CPU
		{B6557BA4-F485-4458-8896-3F449B824E14}.Release|Any CPU.ActiveCfg = Release|Any CPU
	EndGlobalSection
	GlobalSection(SolutionProperties) = preSolution
		HideSolutionNode = FALSE
	EndGlobalSection
	GlobalSection(ExtensibilityGlobals) = postSolution
		SolutionGuid = {FC89A2EB-261C-41E8-A2B0-2BF961664F01}
	EndGlobalSection
EndGlobal
